
Microsoft Visual Studio Solution File, Format Version 12.00
# Visual Studio Version 16
VisualStudioVersion = 16.0.30114.105
MinimumVisualStudioVersion = 10.0.40219.1
Project("{FAE04EC0-301F-11D3-BF4B-00C04F79EFBC}") = "Wake.Cmd", "Wake.Cmd\Wake.Cmd.csproj", "{704BA522-850B-4199-9BB4-0C92CEC91815}"
EndProject
Project("{FAE04EC0-301F-11D3-BF4B-00C04F79EFBC}") = "Wake.EF", "Wake.EF\Wake.EF.csproj", "{7B557DA9-D1E6-4120-B7CD-F4107E7F8F12}"
EndProject
Project("{FAE04EC0-301F-11D3-BF4B-00C04F79EFBC}") = "Wake.Data", "Wake.Data\Wake.Data.csproj", "{7F1B254E-AB48-40F8-A321-9994170657C0}"
EndProject
Project("{FAE04EC0-301F-11D3-BF4B-00C04F79EFBC}") = "Wake.Features", "Wake.Features\Wake.Features.csproj", "{3428DF65-6540-4A87-81C0-7230ABF5EDBF}"
EndProject
Project("{FAE04EC0-301F-11D3-BF4B-00C04F79EFBC}") = "Wake.Shared", "Wake.Shared\Wake.Shared.csproj", "{34E3494D-6BC2-4947-B0A0-14434CCFBF37}"
EndProject
Global
	GlobalSection(SolutionConfigurationPlatforms) = preSolution
		Debug|Any CPU = Debug|Any CPU
		Debug|x64 = Debug|x64
		Debug|x86 = Debug|x86
		Release|Any CPU = Release|Any CPU
		Release|x64 = Release|x64
		Release|x86 = Release|x86
	EndGlobalSection
	GlobalSection(SolutionProperties) = preSolution
		HideSolutionNode = FALSE
	EndGlobalSection
	GlobalSection(ProjectConfigurationPlatforms) = postSolution
		{704BA522-850B-4199-9BB4-0C92CEC91815}.Debug|Any CPU.ActiveCfg = Debug|Any CPU
		{704BA522-850B-4199-9BB4-0C92CEC91815}.Debug|Any CPU.Build.0 = Debug|Any CPU
		{704BA522-850B-4199-9BB4-0C92CEC91815}.Debug|x64.ActiveCfg = Debug|Any CPU
		{704BA522-850B-4199-9BB4-0C92CEC91815}.Debug|x64.Build.0 = Debug|Any CPU
		{704BA522-850B-4199-9BB4-0C92CEC91815}.Debug|x86.ActiveCfg = Debug|Any CPU
		{704BA522-850B-4199-9BB4-0C92CEC91815}.Debug|x86.Build.0 = Debug|Any CPU
		{704BA522-850B-4199-9BB4-0C92CEC91815}.Release|Any CPU.ActiveCfg = Release|Any CPU
		{704BA522-850B-4199-9BB4-0C92CEC91815}.Release|Any CPU.Build.0 = Release|Any CPU
		{704BA522-850B-4199-9BB4-0C92CEC91815}.Release|x64.ActiveCfg = Release|Any CPU
		{704BA522-850B-4199-9BB4-0C92CEC91815}.Release|x64.Build.0 = Release|Any CPU
		{704BA522-850B-4199-9BB4-0C92CEC91815}.Release|x86.ActiveCfg = Release|Any CPU
		{704BA522-850B-4199-9BB4-0C92CEC91815}.Release|x86.Build.0 = Release|Any CPU
		{7B557DA9-D1E6-4120-B7CD-F4107E7F8F12}.Debug|Any CPU.ActiveCfg = Debug|Any CPU
		{7B557DA9-D1E6-4120-B7CD-F4107E7F8F12}.Debug|Any CPU.Build.0 = Debug|Any CPU
		{7B557DA9-D1E6-4120-B7CD-F4107E7F8F12}.Debug|x64.ActiveCfg = Debug|Any CPU
		{7B557DA9-D1E6-4120-B7CD-F4107E7F8F12}.Debug|x64.Build.0 = Debug|Any CPU
		{7B557DA9-D1E6-4120-B7CD-F4107E7F8F12}.Debug|x86.ActiveCfg = Debug|Any CPU
		{7B557DA9-D1E6-4120-B7CD-F4107E7F8F12}.Debug|x86.Build.0 = Debug|Any CPU
		{7B557DA9-D1E6-4120-B7CD-F4107E7F8F12}.Release|Any CPU.ActiveCfg = Release|Any CPU
		{7B557DA9-D1E6-4120-B7CD-F4107E7F8F12}.Release|Any CPU.Build.0 = Release|Any CPU
		{7B557DA9-D1E6-4120-B7CD-F4107E7F8F12}.Release|x64.ActiveCfg = Release|Any CPU
		{7B557DA9-D1E6-4120-B7CD-F4107E7F8F12}.Release|x64.Build.0 = Release|Any CPU
		{7B557DA9-D1E6-4120-B7CD-F4107E7F8F12}.Release|x86.ActiveCfg = Release|Any CPU
		{7B557DA9-D1E6-4120-B7CD-F4107E7F8F12}.Release|x86.Build.0 = Release|Any CPU
		{7F1B254E-AB48-40F8-A321-9994170657C0}.Debug|Any CPU.ActiveCfg = Debug|Any CPU
		{7F1B254E-AB48-40F8-A321-9994170657C0}.Debug|Any CPU.Build.0 = Debug|Any CPU
		{7F1B254E-AB48-40F8-A321-9994170657C0}.Debug|x64.ActiveCfg = Debug|Any CPU
		{7F1B254E-AB48-40F8-A321-9994170657C0}.Debug|x64.Build.0 = Debug|Any CPU
		{7F1B254E-AB48-40F8-A321-9994170657C0}.Debug|x86.ActiveCfg = Debug|Any CPU
		{7F1B254E-AB48-40F8-A321-9994170657C0}.Debug|x86.Build.0 = Debug|Any CPU
		{7F1B254E-AB48-40F8-A321-9994170657C0}.Release|Any CPU.ActiveCfg = Release|Any CPU
		{7F1B254E-AB48-40F8-A321-9994170657C0}.Release|Any CPU.Build.0 = Release|Any CPU
		{7F1B254E-AB48-40F8-A321-9994170657C0}.Release|x64.ActiveCfg = Release|Any CPU
		{7F1B254E-AB48-40F8-A321-9994170657C0}.Release|x64.Build.0 = Release|Any CPU
		{7F1B254E-AB48-40F8-A321-9994170657C0}.Release|x86.ActiveCfg = Release|Any CPU
		{7F1B254E-AB48-40F8-A321-9994170657C0}.Release|x86.Build.0 = Release|Any CPU
		{3428DF65-6540-4A87-81C0-7230ABF5EDBF}.Debug|Any CPU.ActiveCfg = Debug|Any CPU
		{3428DF65-6540-4A87-81C0-7230ABF5EDBF}.Debug|Any CPU.Build.0 = Debug|Any CPU
		{3428DF65-6540-4A87-81C0-7230ABF5EDBF}.Debug|x64.ActiveCfg = Debug|Any CPU
		{3428DF65-6540-4A87-81C0-7230ABF5EDBF}.Debug|x64.Build.0 = Debug|Any CPU
		{3428DF65-6540-4A87-81C0-7230ABF5EDBF}.Debug|x86.ActiveCfg = Debug|Any CPU
		{3428DF65-6540-4A87-81C0-7230ABF5EDBF}.Debug|x86.Build.0 = Debug|Any CPU
		{3428DF65-6540-4A87-81C0-7230ABF5EDBF}.Release|Any CPU.ActiveCfg = Release|Any CPU
		{3428DF65-6540-4A87-81C0-7230ABF5EDBF}.Release|Any CPU.Build.0 = Release|Any CPU
		{3428DF65-6540-4A87-81C0-7230ABF5EDBF}.Release|x64.ActiveCfg = Release|Any CPU
		{3428DF65-6540-4A87-81C0-7230ABF5EDBF}.Release|x64.Build.0 = Release|Any CPU
		{3428DF65-6540-4A87-81C0-7230ABF5EDBF}.Release|x86.ActiveCfg = Release|Any CPU
		{3428DF65-6540-4A87-81C0-7230ABF5EDBF}.Release|x86.Build.0 = Release|Any CPU
		{34E3494D-6BC2-4947-B0A0-14434CCFBF37}.Debug|Any CPU.ActiveCfg = Debug|Any CPU
		{34E3494D-6BC2-4947-B0A0-14434CCFBF37}.Debug|Any CPU.Build.0 = Debug|Any CPU
		{34E3494D-6BC2-4947-B0A0-14434CCFBF37}.Debug|x64.ActiveCfg = Debug|Any CPU
		{34E3494D-6BC2-4947-B0A0-14434CCFBF37}.Debug|x64.Build.0 = Debug|Any CPU
		{34E3494D-6BC2-4947-B0A0-14434CCFBF37}.Debug|x86.ActiveCfg = Debug|Any CPU
		{34E3494D-6BC2-4947-B0A0-14434CCFBF37}.Debug|x86.Build.0 = Debug|Any CPU
		{34E3494D-6BC2-4947-B0A0-14434CCFBF37}.Release|Any CPU.ActiveCfg = Release|Any CPU
		{34E3494D-6BC2-4947-B0A0-14434CCFBF37}.Release|Any CPU.Build.0 = Release|Any CPU
		{34E3494D-6BC2-4947-B0A0-14434CCFBF37}.Release|x64.ActiveCfg = Release|Any CPU
		{34E3494D-6BC2-4947-B0A0-14434CCFBF37}.Release|x64.Build.0 = Release|Any CPU
		{34E3494D-6BC2-4947-B0A0-14434CCFBF37}.Release|x86.ActiveCfg = Release|Any CPU
		{34E3494D-6BC2-4947-B0A0-14434CCFBF37}.Release|x86.Build.0 = Release|Any CPU
	EndGlobalSection
EndGlobal
